{
  "name": "myr",
  "version": "1.0.0",
  "lockfileVersion": 2,
  "requires": true,
  "packages": {
    "": {
      "version": "1.0.0",
      "license": "ISC",
      "dependencies": {
        "esm": "^3.2.25"
      },
      "devDependencies": {
        "@types/node": "^16.6.1"
      }
    },
    "node_modules/@types/node": {
      "version": "16.6.1",
      "resolved": "https://registry.npmjs.org/@types/node/-/node-16.6.1.tgz",
      "integrity": "sha512-Sr7BhXEAer9xyGuCN3Ek9eg9xPviCF2gfu9kTfuU2HkTVAMYSDeX40fvpmo72n5nansg3nsBjuQBrsS28r+NUw==",
      "dev": true
    },
    "node_modules/esm": {
      "version": "3.2.25",
      "resolved": "https://registry.npmjs.org/esm/-/esm-3.2.25.tgz",
      "integrity": "sha512-U1suiZ2oDVWv4zPO56S0NcR5QriEahGtdN2OR6FiOG4WJvcjBVFB0qI4+eKoWFH483PKGuLuu6V8Z4T5g63UVA==",
      "engines": {
        "node": ">=6"
      }
    }
  },
  "dependencies": {
    "@types/node": {
      "version": "16.6.1",
      "resolved": "https://registry.npmjs.org/@types/node/-/node-16.6.1.tgz",
      "integrity": "sha512-Sr7BhXEAer9xyGuCN3Ek9eg9xPviCF2gfu9kTfuU2HkTVAMYSDeX40fvpmo72n5nansg3nsBjuQBrsS28r+NUw==",
      "dev": true
    },
    "esm": {
      "version": "3.2.25",
      "resolved": "https://registry.npmjs.org/esm/-/esm-3.2.25.tgz",
      "integrity": "sha512-U1suiZ2oDVWv4zPO56S0NcR5QriEahGtdN2OR6FiOG4WJvcjBVFB0qI4+eKoWFH483PKGuLuu6V8Z4T5g63UVA=="
    }
  }
}
